
Microsoft Visual Studio Solution File, Format Version 12.00
# Visual Studio Version 16
VisualStudioVersion = 16.0.31624.102
MinimumVisualStudioVersion = 10.0.40219.1
Project("{9A19103F-16F7-4668-BE54-9A1E7A4F7556}") = "ShuntingYard", "ShuntingYard\ShuntingYard.csproj", "{17C63533-723F-4415-9206-4ED8A6628A50}"
EndProject
Project("{9A19103F-16F7-4668-BE54-9A1E7A4F7556}") = "ShuntingYardAlgorithm", "ShuntingYardAlgorithm\ShuntingYardAlgorithm.csproj", "{E1053720-0B9A-4B4F-8553-2D5DAF31ECC4}"
EndProject
Project("{2150E333-8FDC-42A3-9474-1A3956D46DE8}") = "Test", "Test", "{08004A19-8C11-43DB-8145-742B541841A3}"
EndProject
Project("{9A19103F-16F7-4668-BE54-9A1E7A4F7556}") = "ShantingYardTest", "Test\ShantingYardTest\ShantingYardTest.csproj", "{056854BD-AD35-4462-A65A-9A6DDC6CC534}"
EndProject
Project("{FAE04EC0-301F-11D3-BF4B-00C04F79EFBC}") = "ShuntingYardAlgorithm.Parser", "ShuntingYardAlgorithm.Parser\ShuntingYardAlgorithm.Parser.csproj", "{C7589944-836B-4259-82DC-02C8994DD9C4}"
EndProject
Project("{FAE04EC0-301F-11D3-BF4B-00C04F79EFBC}") = "ShuntingYardAlgorithm.Base", "ShuntingYardAlgorithm.Base\ShuntingYardAlgorithm.Base.csproj", "{9660AD49-7636-471B-A4E0-115DC66504D9}"
EndProject
Global
	GlobalSection(SolutionConfigurationPlatforms) = preSolution
		Debug|Any CPU = Debug|Any CPU
		Release|Any CPU = Release|Any CPU
	EndGlobalSection
	GlobalSection(ProjectConfigurationPlatforms) = postSolution
		{17C63533-723F-4415-9206-4ED8A6628A50}.Debug|Any CPU.ActiveCfg = Debug|Any CPU
		{17C63533-723F-4415-9206-4ED8A6628A50}.Debug|Any CPU.Build.0 = Debug|Any CPU
		{17C63533-723F-4415-9206-4ED8A6628A50}.Release|Any CPU.ActiveCfg = Release|Any CPU
		{17C63533-723F-4415-9206-4ED8A6628A50}.Release|Any CPU.Build.0 = Release|Any CPU
		{E1053720-0B9A-4B4F-8553-2D5DAF31ECC4}.Debug|Any CPU.ActiveCfg = Debug|Any CPU
		{E1053720-0B9A-4B4F-8553-2D5DAF31ECC4}.Debug|Any CPU.Build.0 = Debug|Any CPU
		{E1053720-0B9A-4B4F-8553-2D5DAF31ECC4}.Release|Any CPU.ActiveCfg = Release|Any CPU
		{E1053720-0B9A-4B4F-8553-2D5DAF31ECC4}.Release|Any CPU.Build.0 = Release|Any CPU
		{056854BD-AD35-4462-A65A-9A6DDC6CC534}.Debug|Any CPU.ActiveCfg = Debug|Any CPU
		{056854BD-AD35-4462-A65A-9A6DDC6CC534}.Debug|Any CPU.Build.0 = Debug|Any CPU
		{056854BD-AD35-4462-A65A-9A6DDC6CC534}.Release|Any CPU.ActiveCfg = Release|Any CPU
		{056854BD-AD35-4462-A65A-9A6DDC6CC534}.Release|Any CPU.Build.0 = Release|Any CPU
		{C7589944-836B-4259-82DC-02C8994DD9C4}.Debug|Any CPU.ActiveCfg = Debug|Any CPU
		{C7589944-836B-4259-82DC-02C8994DD9C4}.Debug|Any CPU.Build.0 = Debug|Any CPU
		{C7589944-836B-4259-82DC-02C8994DD9C4}.Release|Any CPU.ActiveCfg = Release|Any CPU
		{C7589944-836B-4259-82DC-02C8994DD9C4}.Release|Any CPU.Build.0 = Release|Any CPU
		{9660AD49-7636-471B-A4E0-115DC66504D9}.Debug|Any CPU.ActiveCfg = Debug|Any CPU
		{9660AD49-7636-471B-A4E0-115DC66504D9}.Debug|Any CPU.Build.0 = Debug|Any CPU
		{9660AD49-7636-471B-A4E0-115DC66504D9}.Release|Any CPU.ActiveCfg = Release|Any CPU
		{9660AD49-7636-471B-A4E0-115DC66504D9}.Release|Any CPU.Build.0 = Release|Any CPU
	EndGlobalSection
	GlobalSection(SolutionProperties) = preSolution
		HideSolutionNode = FALSE
	EndGlobalSection
	GlobalSection(NestedProjects) = preSolution
		{056854BD-AD35-4462-A65A-9A6DDC6CC534} = {08004A19-8C11-43DB-8145-742B541841A3}
	EndGlobalSection
	GlobalSection(ExtensibilityGlobals) = postSolution
		SolutionGuid = {A4861F1C-2600-497F-8ACB-CD0520FB9838}
	EndGlobalSection
EndGlobal
